devDependencies:
  prettier: 1.17.1
lockfileVersion: 5.1
packages:
  /prettier/1.17.1:
    dev: true
    engines:
      node: '>=4'
    hasBin: true
    resolution:
      integrity: sha512-TzGRNvuUSmPgwivDqkZ9tM/qTGW9hqDKWOE9YHiyQdixlKbv7kvEqsmDPrcHJTKwthU774TQwZXVtaQ/mMsvjg==
specifiers:
  prettier: ^1.17.1
