# GENERATED FILE. DO NOT EDIT.
# This file is generated by 'studio pull' and ensures reproducible builds.
# Commit this file to version control.

version = 2
generated_at = "2026-07-13T12:23:11Z"
cli_version = "dev"

[[dependencies]]
  name = "eds-test-3"
  project = "4952a007-699a-4124-a043-124e80cc28d6"
  ref_type = "branch"
  ref_name = "main"
  content_hash = "sha256:48cfb1c80b29e18ba5181c8e8bf5b44570c324291f5c60e0976d34fd27d11b63"
  updated_at = "2026-07-13T12:23:11Z"

  [[dependencies.files]]
    path = "$metadata.json"
    hash = "sha256:5c7e72d0bcadc512d8f9ec8a46f5ce39a39699530fa0e46b6ecf2de98d4fa46f"
    size = 354
    tokens = 0
    modified_at = "2026-07-13T12:23:11Z"

  [[dependencies.files]]
    path = "$themes.json"
    hash = "sha256:1d5d25c2087e9090428a1e8c3bbfc311ab0c5b77fd09eca23795af5dc6250096"
    size = 27200
    tokens = 0
    modified_at = "2026-07-13T12:23:11Z"

  [[dependencies.files]]
    path = "color/dark.json"
    hash = "sha256:7c6230a98ba2ec50fab914871b0fd91169a868470f84e09ed252ac61ba34c1a4"
    size = 34812
    tokens = 0
    modified_at = "2026-07-13T12:23:11Z"

  [[dependencies.files]]
    path = "color/light.json"
    hash = "sha256:2a1bcc0652b7c264167c297347a7d8e47f6918ce4224c57054ca31336bf465dc"
    size = 35023
    tokens = 0
    modified_at = "2026-07-13T12:23:11Z"

  [[dependencies.files]]
    path = "density/comfortable.json"
    hash = "sha256:21453fda43cb2d8e48307020398545e2bb559bb660b8a38614536498a083ef3e"
    size = 17015
    tokens = 0
    modified_at = "2026-07-13T12:23:11Z"

  [[dependencies.files]]
    path = "density/compact.json"
    hash = "sha256:155d65ad223311c6a9bb6d4e37e2f885a023e9c75a7fa96b2d5deb71bb61e02f"
    size = 17011
    tokens = 0
    modified_at = "2026-07-13T12:23:11Z"

  [[dependencies.files]]
    path = "density/relaxed.json"
    hash = "sha256:e3bc25104df1e909ed7f8d7068c140d33c356110fa593cd5fd48577b2a723c20"
    size = 17020
    tokens = 0
    modified_at = "2026-07-13T12:23:11Z"

  [[dependencies.files]]
    path = "font/default.json"
    hash = "sha256:f854dd655d13a82b94e415f1e307766adc3cd0305f37db22dfdeca3a3208c939"
    size = 1375
    tokens = 0
    modified_at = "2026-07-13T12:23:11Z"

  [[dependencies.files]]
    path = "foundation/anchor.json"
    hash = "sha256:65797fd6431330b7d06db2c99f1094e298f13708893653b37774840100e57762"
    size = 4012
    tokens = 0
    modified_at = "2026-07-13T12:23:11Z"

  [[dependencies.files]]
    path = "foundation/gaussian.json"
    hash = "sha256:f0e9fe5f857e9bd5bb775ac50338b1a779545f53cc94bf93e707507aa4e56f27"
    size = 10216
    tokens = 0
    modified_at = "2026-07-13T12:23:11Z"

  [[dependencies.files]]
    path = "input/palette.json"
    hash = "sha256:46abf3262dbf15fbb6fc2a1f78f245f098c0cc01b62cfe123f9d4b3aa383a87a"
    size = 1867
    tokens = 0
    modified_at = "2026-07-13T12:23:11Z"

  [[dependencies.files]]
    path = "input/scale.json"
    hash = "sha256:aaded99217358a56ea1bb88f156850bd9b6cf097c2c144d9950c906f2ac5e54e"
    size = 8632
    tokens = 0
    modified_at = "2026-07-13T12:23:11Z"

  [[dependencies.files]]
    path = "primitives/default.json"
    hash = "sha256:dc092751d4723bc1e51aa60f97950d1ca2f634e4bdff2ec8ebddfd0d2785c02c"
    size = 18298
    tokens = 0
    modified_at = "2026-07-13T12:23:11Z"

  [[dependencies.files]]
    path = "scheme/dark.json"
    hash = "sha256:6cebf95036111c180b2a8beca512ae5c6e222523e57c57d9a3deb5a938a8e8ef"
    size = 17769
    tokens = 0
    modified_at = "2026-07-13T12:23:11Z"

  [[dependencies.files]]
    path = "scheme/light.json"
    hash = "sha256:a2516b28a44fe987d7f288a5bbb33ae81e58c85016d6767257a379d5c9979659"
    size = 17774
    tokens = 0
    modified_at = "2026-07-13T12:23:11Z"

  [[dependencies.files]]
    path = "semantic.json"
    hash = "sha256:c7530ef6976dabfdd9ad3a1e7382a915316ba60091dcecde20d8468c9510c30a"
    size = 15037
    tokens = 0
    modified_at = "2026-07-13T12:23:11Z"

  [[dependencies.files]]
    path = "semantic/default.json"
    hash = "sha256:5e27aa5ed5d5a991e94b1508ccf4afc51878fe8ba6857a70bb082cbad3bbc55d"
    size = 16947
    tokens = 0
    modified_at = "2026-07-13T12:23:11Z"

[integrity]
  lockfile_hash = "sha256:6b6970d53a919676d8f4bfaccbcba1d31c5f4d2aa9b8a4d978915da04dfdcb1f"
  algorithm = "sha256"
